PODS:
  - AEXML (4.3.3)
  - SKInkAnimator (1.0.2):
    - AEXML (~> 4.3.3)

DEPENDENCIES:
  - SKInkAnimator (from `../`)

SPEC REPOS:
  https://github.com/cocoapods/specs.git:
    - AEXML

EXTERNAL SOURCES:
  SKInkAnimator:
    :path: "../"

SPEC CHECKSUMS:
  AEXML: 601f41fcaa7bda7605cad153b0f43db9ec006c0f
  SKInkAnimator: 133cf9bf7451fc764d32e7024e879e6ef5814017

PODFILE CHECKSUM: 6114310cb3c7ad00ada6abaa5018979810fee0b0

COCOAPODS: 1.5.3
